
Microsoft Visual Studio Solution File, Format Version 12.00
# Visual Studio Version 17
VisualStudioVersion = 17.6.33829.357
MinimumVisualStudioVersion = 10.0.40219.1
Project("{FAE04EC0-301F-11D3-BF4B-00C04F79EFBC}") = "NikDenTeam", "NikDenTeam.csproj", "{F92CCF1A-8BF4-43C4-8FC1-3A309B49577B}"
EndProject
Global
	GlobalSection(SolutionConfigurationPlatforms) = preSolution
		Debug|Any CPU = Debug|Any CPU
		Release|Any CPU = Release|Any CPU
	EndGlobalSection
	GlobalSection(ProjectConfigurationPlatforms) = postSolution
		{F92CCF1A-8BF4-43C4-8FC1-3A309B49577B}.Debug|Any CPU.ActiveCfg = Debug|Any CPU
		{F92CCF1A-8BF4-43C4-8FC1-3A309B49577B}.Debug|Any CPU.Build.0 = Debug|Any CPU
		{F92CCF1A-8BF4-43C4-8FC1-3A309B49577B}.Release|Any CPU.ActiveCfg = Release|Any CPU
		{F92CCF1A-8BF4-43C4-8FC1-3A309B49577B}.Release|Any CPU.Build.0 = Release|Any CPU
	EndGlobalSection
	GlobalSection(SolutionProperties) = preSolution
		HideSolutionNode = FALSE
	EndGlobalSection
	GlobalSection(ExtensibilityGlobals) = postSolution
		SolutionGuid = {C2FC8FB7-7506-42D6-90E3-346B056676C4}
	EndGlobalSection
EndGlobal
